{
  "name": "flutjs_examples",
  "version": "0.0.1",
  "lockfileVersion": 2,
  "requires": true,
  "packages": {
    "": {
      "name": "flutjs_examples",
      "version": "0.0.1",
      "license": "MIT",
      "dependencies": {
        "@luk3d/flutjs": "^0.1.1"
      }
    },
    "node_modules/@luk3d/flutjs": {
      "version": "0.1.1",
      "resolved": "https://registry.npmjs.org/@luk3d/flutjs/-/flutjs-0.1.1.tgz",
      "integrity": "sha512-/owYrg4aUoSdfMiUlnQe9HuEaSq/d8SW5tbww2xgtBO4GFH9bCq9GKxR77jc8X8lEHgbHxTMRdjREY65e3omOQ=="
    }
  },
  "dependencies": {
    "@luk3d/flutjs": {
      "version": "0.1.1",
      "resolved": "https://registry.npmjs.org/@luk3d/flutjs/-/flutjs-0.1.1.tgz",
      "integrity": "sha512-/owYrg4aUoSdfMiUlnQe9HuEaSq/d8SW5tbww2xgtBO4GFH9bCq9GKxR77jc8X8lEHgbHxTMRdjREY65e3omOQ=="
    }
  }
}
